
Microsoft Visual Studio Solution File, Format Version 12.00
# Visual Studio Version 17
VisualStudioVersion = 17.0.31903.59
MinimumVisualStudioVersion = 10.0.40219.1
Project("{FAE04EC0-301F-11D3-BF4B-00C04F79EFBC}") = "API", "API\API.csproj", "{761B15BF-786F-4266-BBDF-DCAE3A806F8A}"
EndProject
Project("{FAE04EC0-301F-11D3-BF4B-00C04F79EFBC}") = "Application", "Application\Application.csproj", "{45BF76A0-5002-49A7-B88A-166A13B8434E}"
EndProject
Project("{FAE04EC0-301F-11D3-BF4B-00C04F79EFBC}") = "Persistence", "Persistence\Persistence.csproj", "{C1C328F7-6518-4B7C-8AB1-BB50702CD333}"
EndProject
Project("{FAE04EC0-301F-11D3-BF4B-00C04F79EFBC}") = "Domain", "Domain\Domain.csproj", "{D8B2FC75-51A9-4645-A11C-D3C42FF0EB22}"
EndProject
Global
	GlobalSection(SolutionConfigurationPlatforms) = preSolution
		Debug|Any CPU = Debug|Any CPU
		Release|Any CPU = Release|Any CPU
	EndGlobalSection
	GlobalSection(SolutionProperties) = preSolution
		HideSolutionNode = FALSE
	EndGlobalSection
	GlobalSection(ProjectConfigurationPlatforms) = postSolution
		{761B15BF-786F-4266-BBDF-DCAE3A806F8A}.Debug|Any CPU.ActiveCfg = Debug|Any CPU
		{761B15BF-786F-4266-BBDF-DCAE3A806F8A}.Debug|Any CPU.Build.0 = Debug|Any CPU
		{761B15BF-786F-4266-BBDF-DCAE3A806F8A}.Release|Any CPU.ActiveCfg = Release|Any CPU
		{761B15BF-786F-4266-BBDF-DCAE3A806F8A}.Release|Any CPU.Build.0 = Release|Any CPU
		{45BF76A0-5002-49A7-B88A-166A13B8434E}.Debug|Any CPU.ActiveCfg = Debug|Any CPU
		{45BF76A0-5002-49A7-B88A-166A13B8434E}.Debug|Any CPU.Build.0 = Debug|Any CPU
		{45BF76A0-5002-49A7-B88A-166A13B8434E}.Release|Any CPU.ActiveCfg = Release|Any CPU
		{45BF76A0-5002-49A7-B88A-166A13B8434E}.Release|Any CPU.Build.0 = Release|Any CPU
		{C1C328F7-6518-4B7C-8AB1-BB50702CD333}.Debug|Any CPU.ActiveCfg = Debug|Any CPU
		{C1C328F7-6518-4B7C-8AB1-BB50702CD333}.Debug|Any CPU.Build.0 = Debug|Any CPU
		{C1C328F7-6518-4B7C-8AB1-BB50702CD333}.Release|Any CPU.ActiveCfg = Release|Any CPU
		{C1C328F7-6518-4B7C-8AB1-BB50702CD333}.Release|Any CPU.Build.0 = Release|Any CPU
		{D8B2FC75-51A9-4645-A11C-D3C42FF0EB22}.Debug|Any CPU.ActiveCfg = Debug|Any CPU
		{D8B2FC75-51A9-4645-A11C-D3C42FF0EB22}.Debug|Any CPU.Build.0 = Debug|Any CPU
		{D8B2FC75-51A9-4645-A11C-D3C42FF0EB22}.Release|Any CPU.ActiveCfg = Release|Any CPU
		{D8B2FC75-51A9-4645-A11C-D3C42FF0EB22}.Release|Any CPU.Build.0 = Release|Any CPU
	EndGlobalSection
EndGlobal
